// !$*UTF8*$!
{
	archiveVersion = 1;
	classes = {
	};
	objectVersion = 48;
	objects = {

/* Begin PBXBuildFile section */
		F68B168C204D95BD005536CE /* FoodEditTableViewCell.swift in Sources */ = {isa = PBXBuildFile; fileRef = F68B168B204D95BD005536CE /* FoodEditTableViewCell.swift */; };
		F6CD6CA12036D17C0046698E /* AppDelegate.swift in Sources */ = {isa = PBXBuildFile; fileRef = F6CD6CA02036D17C0046698E /* AppDelegate.swift */; };
		F6CD6CA62036D17C0046698E /* Main.storyboard in Resources */ = {isa = PBXBuildFile; fileRef = F6CD6CA42036D17C0046698E /* Main.storyboard */; };
		F6CD6CA82036D17C0046698E /* Assets.xcassets in Resources */ = {isa = PBXBuildFile; fileRef = F6CD6CA72036D17C0046698E /* Assets.xcassets */; };
		F6CD6CAB2036D17C0046698E /* LaunchScreen.storyboard in Resources */ = {isa = PBXBuildFile; fileRef = F6CD6CA92036D17C0046698E /* LaunchScreen.storyboard */; };
		F6CD6CB32036D2860046698E /* Food.swift in Sources */ = {isa = PBXBuildFile; fileRef = F6CD6CB22036D2860046698E /* Food.swift */; };
		F6CD6CB52036D5410046698E /* UserDescription.swift in Sources */ = {isa = PBXBuildFile; fileRef = F6CD6CB42036D5410046698E /* UserDescription.swift */; };
		F6CD6CB7203708130046698E /* FoodTableViewController.swift in Sources */ = {isa = PBXBuildFile; fileRef = F6CD6CB6203708130046698E /* FoodTableViewController.swift */; };
		F6CD6CBD20370A250046698E /* Default-568h@2x.png in Resources */ = {isa = PBXBuildFile; fileRef = F6CD6CBC20370A250046698E /* Default-568h@2x.png */; };
		F6CD6CBF203C6F260046698E /* FoodEditTableViewController.swift in Sources */ = {isa = PBXBuildFile; fileRef = F6CD6CBE203C6F260046698E /* FoodEditTableViewController.swift */; };
/* End PBXBuildFile section */

/* Begin PBXFileReference section */
		F68B168B204D95BD005536CE /* FoodEditTableViewCell.swift */ = {isa = PBXFileReference; lastKnownFileType = sourcecode.swift; path = FoodEditTableViewCell.swift; sourceTree = "<group>"; };
		F6CD6C9D2036D17C0046698E /* BurnTracker.app */ = {isa = PBXFileReference; explicitFileType = wrapper.application; includeInIndex = 0; path = BurnTracker.app; sourceTree = BUILT_PRODUCTS_DIR; };
		F6CD6CA02036D17C0046698E /* AppDelegate.swift */ = {isa = PBXFileReference; lastKnownFileType = sourcecode.swift; path = AppDelegate.swift; sourceTree = "<group>"; };
		F6CD6CA52036D17C0046698E /* Base */ = {isa = PBXFileReference; lastKnownFileType = file.storyboard; name = Base; path = Base.lproj/Main.storyboard; sourceTree = "<group>"; };
		F6CD6CA72036D17C0046698E /* Assets.xcassets */ = {isa = PBXFileReference; lastKnownFileType = folder.assetcatalog; path = Assets.xcassets; sourceTree = "<group>"; };
		F6CD6CAA2036D17C0046698E /* Base */ = {isa = PBXFileReference; lastKnownFileType = file.storyboard; name = Base; path = Base.lproj/LaunchScreen.storyboard; sourceTree = "<group>"; };
		F6CD6CAC2036D17C0046698E /* Info.plist */ = {isa = PBXFileReference; lastKnownFileType = text.plist.xml; path = Info.plist; sourceTree = "<group>"; };
		F6CD6CB22036D2860046698E /* Food.swift */ = {isa = PBXFileReference; lastKnownFileType = sourcecode.swift; path = Food.swift; sourceTree = "<group>"; };
		F6CD6CB42036D5410046698E /* UserDescription.swift */ = {isa = PBXFileReference; lastKnownFileType = sourcecode.swift; path = UserDescription.swift; sourceTree = "<group>"; };
		F6CD6CB6203708130046698E /* FoodTableViewController.swift */ = {isa = PBXFileReference; lastKnownFileType = sourcecode.swift; path = FoodTableViewController.swift; sourceTree = "<group>"; };
		F6CD6CBC20370A250046698E /* Default-568h@2x.png */ = {isa = PBXFileReference; lastKnownFileType = image.png; path = "Default-568h@2x.png"; sourceTree = "<group>"; };
		F6CD6CBE203C6F260046698E /* FoodEditTableViewController.swift */ = {isa = PBXFileReference; lastKnownFileType = sourcecode.swift; path = FoodEditTableViewController.swift; sourceTree = "<group>"; };
/* End PBXFileReference section */

/* Begin PBXFrameworksBuildPhase section */
		F6CD6C9A2036D17C0046698E /* Frameworks */ = {
			isa = PBXFrameworksBuildPhase;
			buildActionMask = 2147483647;
			files = (
			);
			runOnlyForDeploymentPostprocessing = 0;
		};
/* End PBXFrameworksBuildPhase section */

/* Begin PBXGroup section */
		F6CD6C942036D17B0046698E = {
			isa = PBXGroup;
			children = (
				F6CD6CBC20370A250046698E /* Default-568h@2x.png */,
				F6CD6C9F2036D17C0046698E /* BurnTracker */,
				F6CD6C9E2036D17C0046698E /* Products */,
			);
			sourceTree = "<group>";
		};
		F6CD6C9E2036D17C0046698E /* Products */ = {
			isa = PBXGroup;
			children = (
				F6CD6C9D2036D17C0046698E /* BurnTracker.app */,
			);
			name = Products;
			sourceTree = "<group>";
		};
		F6CD6C9F2036D17C0046698E /* BurnTracker */ = {
			isa = PBXGroup;
			children = (
				F6CD6CAC2036D17C0046698E /* Info.plist */,
				F6CD6CA02036D17C0046698E /* AppDelegate.swift */,
				F6CD6CB82037098D0046698E /* Model */,
				F6CD6CB9203709960046698E /* Controller */,
				F6CD6CBA203709A30046698E /* View */,
				F6CD6CBB203709B10046698E /* Misc */,
			);
			path = BurnTracker;
			sourceTree = "<group>";
		};
		F6CD6CB82037098D0046698E /* Model */ = {
			isa = PBXGroup;
			children = (
				F6CD6CB22036D2860046698E /* Food.swift */,
				F6CD6CB42036D5410046698E /* UserDescription.swift */,
			);
			path = Model;
			sourceTree = "<group>";
		};
		F6CD6CB9203709960046698E /* Controller */ = {
			isa = PBXGroup;
			children = (
				F6CD6CBE203C6F260046698E /* FoodEditTableViewController.swift */,
				F6CD6CB6203708130046698E /* FoodTableViewController.swift */,
			);
			path = Controller;
			sourceTree = "<group>";
		};
		F6CD6CBA203709A30046698E /* View */ = {
			isa = PBXGroup;
			children = (
				F6CD6CA42036D17C0046698E /* Main.storyboard */,
				F68B168B204D95BD005536CE /* FoodEditTableViewCell.swift */,
			);
			path = View;
			sourceTree = "<group>";
		};
		F6CD6CBB203709B10046698E /* Misc */ = {
			isa = PBXGroup;
			children = (
				F6CD6CA72036D17C0046698E /* Assets.xcassets */,
				F6CD6CA92036D17C0046698E /* LaunchScreen.storyboard */,
			);
			path = Misc;
			sourceTree = "<group>";
		};
/* End PBXGroup section */

/* Begin PBXNativeTarget section */
		F6CD6C9C2036D17C0046698E /* BurnTracker */ = {
			isa = PBXNativeTarget;
			buildConfigurationList = F6CD6CAF2036D17C0046698E /* Build configuration list for PBXNativeTarget "BurnTracker" */;
			buildPhases = (
				F6CD6C992036D17C0046698E /* Sources */,
				F6CD6C9A2036D17C0046698E /* Frameworks */,
				F6CD6C9B2036D17C0046698E /* Resources */,
			);
			buildRules = (
			);
			dependencies = (
			);
			name = BurnTracker;
			productName = BurnTracker;
			productReference = F6CD6C9D2036D17C0046698E /* BurnTracker.app */;
			productType = "com.apple.product-type.application";
		};
/* End PBXNativeTarget section */

/* Begin PBXProject section */
		F6CD6C952036D17C0046698E /* Project object */ = {
			isa = PBXProject;
			attributes = {
				LastSwiftUpdateCheck = 0920;
				LastUpgradeCheck = 0920;
				ORGANIZATIONNAME = "Vyacheslav Bratukhin";
				TargetAttributes = {
					F6CD6C9C2036D17C0046698E = {
						CreatedOnToolsVersion = 9.2;
						ProvisioningStyle = Automatic;
					};
				};
			};
			buildConfigurationList = F6CD6C982036D17C0046698E /* Build configuration list for PBXProject "BurnTracker" */;
			compatibilityVersion = "Xcode 8.0";
			developmentRegion = en;
			hasScannedForEncodings = 0;
			knownRegions = (
				en,
				Base,
			);
			mainGroup = F6CD6C942036D17B0046698E;
			productRefGroup = F6CD6C9E2036D17C0046698E /* Products */;
			projectDirPath = "";
			projectRoot = "";
			targets = (
				F6CD6C9C2036D17C0046698E /* BurnTracker */,
			);
		};
/* End PBXProject section */

/* Begin PBXResourcesBuildPhase section */
		F6CD6C9B2036D17C0046698E /* Resources */ = {
			isa = PBXResourcesBuildPhase;
			buildActionMask = 2147483647;
			files = (
				F6CD6CAB2036D17C0046698E /* LaunchScreen.storyboard in Resources */,
				F6CD6CBD20370A250046698E /* Default-568h@2x.png in Resources */,
				F6CD6CA82036D17C0046698E /* Assets.xcassets in Resources */,
				F6CD6CA62036D17C0046698E /* Main.storyboard in Resources */,
			);
			runOnlyForDeploymentPostprocessing = 0;
		};
/* End PBXResourcesBuildPhase section */

/* Begin PBXSourcesBuildPhase section */
		F6CD6C992036D17C0046698E /* Sources */ = {
			isa = PBXSourcesBuildPhase;
			buildActionMask = 2147483647;
			files = (
				F6CD6CA12036D17C0046698E /* AppDelegate.swift in Sources */,
				F68B168C204D95BD005536CE /* FoodEditTableViewCell.swift in Sources */,
				F6CD6CB7203708130046698E /* FoodTableViewController.swift in Sources */,
				F6CD6CBF203C6F260046698E /* FoodEditTableViewController.swift in Sources */,
				F6CD6CB32036D2860046698E /* Food.swift in Sources */,
				F6CD6CB52036D5410046698E /* UserDescription.swift in Sources */,
			);
			runOnlyForDeploymentPostprocessing = 0;
		};
/* End PBXSourcesBuildPhase section */

/* Begin PBXVariantGroup section */
		F6CD6CA42036D17C0046698E /* Main.storyboard */ = {
			isa = PBXVariantGroup;
			children = (
				F6CD6CA52036D17C0046698E /* Base */,
			);
			name = Main.storyboard;
			sourceTree = "<group>";
		};
		F6CD6CA92036D17C0046698E /* LaunchScreen.storyboard */ = {
			isa = PBXVariantGroup;
			children = (
				F6CD6CAA2036D17C0046698E /* Base */,
			);
			name = LaunchScreen.storyboard;
			sourceTree = "<group>";
		};
/* End PBXVariantGroup section */

/* Begin XCBuildConfiguration section */
		F6CD6CAD2036D17C0046698E /* Debug */ = {
			isa = XCBuildConfiguration;
			buildSettings = {
				ALWAYS_SEARCH_USER_PATHS = NO;
				CLANG_ANALYZER_NONNULL = YES;
				CLANG_ANALYZER_NUMBER_OBJECT_CONVERSION = YES_AGGRESSIVE;
				CLANG_CXX_LANGUAGE_STANDARD = "gnu++14";
				CLANG_CXX_LIBRARY = "libc++";
				CLANG_ENABLE_MODULES = YES;
				CLANG_ENABLE_OBJC_ARC = YES;
				CLANG_WARN_BLOCK_CAPTURE_AUTORELEASING = YES;
				CLANG_WARN_BOOL_CONVERSION = YES;
				CLANG_WARN_COMMA = YES;
				CLANG_WARN_CONSTANT_CONVERSION = YES;
				CLANG_WARN_DIRECT_OBJC_ISA_USAGE = YES_ERROR;
				CLANG_WARN_DOCUMENTATION_COMMENTS = YES;
				CLANG_WARN_EMPTY_BODY = YES;
				CLANG_WARN_ENUM_CONVERSION = YES;
				CLANG_WARN_INFINITE_RECURSION = YES;
				CLANG_WARN_INT_CONVERSION = YES;
				CLANG_WARN_NON_LITERAL_NULL_CONVERSION = YES;
				CLANG_WARN_OBJC_LITERAL_CONVERSION = YES;
				CLANG_WARN_OBJC_ROOT_CLASS = YES_ERROR;
				CLANG_WARN_RANGE_LOOP_ANALYSIS = YES;
				CLANG_WARN_STRICT_PROTOTYPES = YES;
				CLANG_WARN_SUSPICIOUS_MOVE = YES;
				CLANG_WARN_UNGUARDED_AVAILABILITY = YES_AGGRESSIVE;
				CLANG_WARN_UNREACHABLE_CODE = YES;
				CLANG_WARN__DUPLICATE_METHOD_MATCH = YES;
				CODE_SIGN_IDENTITY = "iPhone Developer";
				COPY_PHASE_STRIP = NO;
				DEBUG_INFORMATION_FORMAT = dwarf;
				ENABLE_STRICT_OBJC_MSGSEND = YES;
				ENABLE_TESTABILITY = YES;
				GCC_C_LANGUAGE_STANDARD = gnu11;
				GCC_DYNAMIC_NO_PIC = NO;
				GCC_NO_COMMON_BLOCKS = YES;
				GCC_OPTIMIZATION_LEVEL = 0;
				GCC_PREPROCESSOR_DEFINITIONS = (
					"DEBUG=1",
					"$(inherited)",
				);
				GCC_WARN_64_TO_32_BIT_CONVERSION = YES;
				GCC_WARN_ABOUT_RETURN_TYPE = YES_ERROR;
				GCC_WARN_UNDECLARED_SELECTOR = YES;
				GCC_WARN_UNINITIALIZED_AUTOS = YES_AGGRESSIVE;
				GCC_WARN_UNUSED_FUNCTION = YES;
				GCC_WARN_UNUSED_VARIABLE = YES;
				IPHONEOS_DEPLOYMENT_TARGET = 11.2;
				MTL_ENABLE_DEBUG_INFO = YES;
				ONLY_ACTIVE_ARCH = YES;
				SDKROOT = iphoneos;
				SWIFT_ACTIVE_COMPILATION_CONDITIONS = DEBUG;
				SWIFT_OPTIMIZATION_LEVEL = "-Onone";
			};
			name = Debug;
		};
		F6CD6CAE2036D17C0046698E /* Release */ = {
			isa = XCBuildConfiguration;
			buildSettings = {
				ALWAYS_SEARCH_USER_PATHS = NO;
				CLANG_ANALYZER_NONNULL = YES;
				CLANG_ANALYZER_NUMBER_OBJECT_CONVERSION = YES_AGGRESSIVE;
				CLANG_CXX_LANGUAGE_STANDARD = "gnu++14";
				CLANG_CXX_LIBRARY = "libc++";
				CLANG_ENABLE_MODULES = YES;
				CLANG_ENABLE_OBJC_ARC = YES;
				CLANG_WARN_BLOCK_CAPTURE_AUTORELEASING = YES;
				CLANG_WARN_BOOL_CONVERSION = YES;
				CLANG_WARN_COMMA = YES;
				CLANG_WARN_CONSTANT_CONVERSION = YES;
				CLANG_WARN_DIRECT_OBJC_ISA_USAGE = YES_ERROR;
				CLANG_WARN_DOCUMENTATION_COMMENTS = YES;
				CLANG_WARN_EMPTY_BODY = YES;
				CLANG_WARN_ENUM_CONVERSION = YES;
				CLANG_WARN_INFINITE_RECURSION = YES;
				CLANG_WARN_INT_CONVERSION = YES;
				CLANG_WARN_NON_LITERAL_NULL_CONVERSION = YES;
				CLANG_WARN_OBJC_LITERAL_CONVERSION = YES;
				CLANG_WARN_OBJC_ROOT_CLASS = YES_ERROR;
				CLANG_WARN_RANGE_LOOP_ANALYSIS = YES;
				CLANG_WARN_STRICT_PROTOTYPES = YES;
				CLANG_WARN_SUSPICIOUS_MOVE = YES;
				CLANG_WARN_UNGUARDED_AVAILABILITY = YES_AGGRESSIVE;
				CLANG_WARN_UNREACHABLE_CODE = YES;
				CLANG_WARN__DUPLICATE_METHOD_MATCH = YES;
				CODE_SIGN_IDENTITY = "iPhone Developer";
				COPY_PHASE_STRIP = NO;
				DEBUG_INFORMATION_FORMAT = "dwarf-with-dsym";
				ENABLE_NS_ASSERTIONS = NO;
				ENABLE_STRICT_OBJC_MSGSEND = YES;
				GCC_C_LANGUAGE_STANDARD = gnu11;
				GCC_NO_COMMON_BLOCKS = YES;
				GCC_WARN_64_TO_32_BIT_CONVERSION = YES;
				GCC_WARN_ABOUT_RETURN_TYPE = YES_ERROR;
				GCC_WARN_UNDECLARED_SELECTOR = YES;
				GCC_WARN_UNINITIALIZED_AUTOS = YES_AGGRESSIVE;
				GCC_WARN_UNUSED_FUNCTION = YES;
				GCC_WARN_UNUSED_VARIABLE = YES;
				IPHONEOS_DEPLOYMENT_TARGET = 11.2;
				MTL_ENABLE_DEBUG_INFO = NO;
				SDKROOT = iphoneos;
				SWIFT_OPTIMIZATION_LEVEL = "-Owholemodule";
				VALIDATE_PRODUCT = YES;
			};
			name = Release;
		};
		F6CD6CB02036D17C0046698E /* Debug */ = {
			isa = XCBuildConfiguration;
			buildSettings = {
				ASSETCATALOG_COMPILER_APPICON_NAME = AppIcon;
				CODE_SIGN_STYLE = Automatic;
				DEVELOPMENT_TEAM = JEBH7932D3;
				INFOPLIST_FILE = BurnTracker/Info.plist;
				LD_RUNPATH_SEARCH_PATHS = "$(inherited) @executable_path/Frameworks";
				PRODUCT_BUNDLE_IDENTIFIER = bratyslava.BurnTracker;
				PRODUCT_NAME = "$(TARGET_NAME)";
				SWIFT_VERSION = 4.0;
				TARGETED_DEVICE_FAMILY = "1,2";
			};
			name = Debug;
		};
		F6CD6CB12036D17C0046698E /* Release */ = {
			isa = XCBuildConfiguration;
			buildSettings = {
				ASSETCATALOG_COMPILER_APPICON_NAME = AppIcon;
				CODE_SIGN_STYLE = Automatic;
				DEVELOPMENT_TEAM = JEBH7932D3;
				INFOPLIST_FILE = BurnTracker/Info.plist;
				LD_RUNPATH_SEARCH_PATHS = "$(inherited) @executable_path/Frameworks";
				PRODUCT_BUNDLE_IDENTIFIER = bratyslava.BurnTracker;
				PRODUCT_NAME = "$(TARGET_NAME)";
				SWIFT_VERSION = 4.0;
				TARGETED_DEVICE_FAMILY = "1,2";
			};
			name = Release;
		};
/* End XCBuildConfiguration section */

/* Begin XCConfigurationList section */
		F6CD6C982036D17C0046698E /* Build configuration list for PBXProject "BurnTracker" */ = {
			isa = XCConfigurationList;
			buildConfigurations = (
				F6CD6CAD2036D17C0046698E /* Debug */,
				F6CD6CAE2036D17C0046698E /* Release */,
			);
			defaultConfigurationIsVisible = 0;
			defaultConfigurationName = Release;
		};
		F6CD6CAF2036D17C0046698E /* Build configuration list for PBXNativeTarget "BurnTracker" */ = {
			isa = XCConfigurationList;
			buildConfigurations = (
				F6CD6CB02036D17C0046698E /* Debug */,
				F6CD6CB12036D17C0046698E /* Release */,
			);
			defaultConfigurationIsVisible = 0;
			defaultConfigurationName = Release;
		};
/* End XCConfigurationList section */
	};
	rootObject = F6CD6C952036D17C0046698E /* Project object */;
}
